
Microsoft Visual Studio Solution File, Format Version 12.00
# Visual Studio Version 17
VisualStudioVersion = 17.8.34408.163
MinimumVisualStudioVersion = 10.0.40219.1
Project("{9A19103F-16F7-4668-BE54-9A1E7A4F7556}") = "adb-to-purview", "src\adb-to-purview.csproj", "{4EE1D7CD-A02B-4EDA-9130-F915FDAFD950}"
EndProject
Project("{9A19103F-16F7-4668-BE54-9A1E7A4F7556}") = "unit-tests", "tests\unit-tests\unit-tests.csproj", "{5011AAF6-2193-4AAC-9F84-402864E3CEC0}"
EndProject
Global
	GlobalSection(SolutionConfigurationPlatforms) = preSolution
		Debug|Any CPU = Debug|Any CPU
		Release|Any CPU = Release|Any CPU
	EndGlobalSection
	GlobalSection(ProjectConfigurationPlatforms) = postSolution
		{4EE1D7CD-A02B-4EDA-9130-F915FDAFD950}.Debug|Any CPU.ActiveCfg = Debug|Any CPU
		{4EE1D7CD-A02B-4EDA-9130-F915FDAFD950}.Debug|Any CPU.Build.0 = Debug|Any CPU
		{4EE1D7CD-A02B-4EDA-9130-F915FDAFD950}.Release|Any CPU.ActiveCfg = Release|Any CPU
		{4EE1D7CD-A02B-4EDA-9130-F915FDAFD950}.Release|Any CPU.Build.0 = Release|Any CPU
		{5011AAF6-2193-4AAC-9F84-402864E3CEC0}.Debug|Any CPU.ActiveCfg = Debug|Any CPU
		{5011AAF6-2193-4AAC-9F84-402864E3CEC0}.Debug|Any CPU.Build.0 = Debug|Any CPU
		{5011AAF6-2193-4AAC-9F84-402864E3CEC0}.Release|Any CPU.ActiveCfg = Release|Any CPU
		{5011AAF6-2193-4AAC-9F84-402864E3CEC0}.Release|Any CPU.Build.0 = Release|Any CPU
	EndGlobalSection
	GlobalSection(SolutionProperties) = preSolution
		HideSolutionNode = FALSE
	EndGlobalSection
	GlobalSection(ExtensibilityGlobals) = postSolution
		SolutionGuid = {7D8AC124-4048-4F75-9720-F5F4F07A91D0}
	EndGlobalSection
EndGlobal
